
Microsoft Visual Studio Solution File, Format Version 12.00
# Visual Studio Version 17
VisualStudioVersion = 17.13.35825.156 d17.13
MinimumVisualStudioVersion = 10.0.40219.1
Project("{FAE04EC0-301F-11D3-BF4B-00C04F79EFBC}") = "FootballAPI", "FootballAPI.csproj", "{3CBAA0AB-5F65-41D0-A856-45EFBDE07A95}"
EndProject
Global
	GlobalSection(SolutionConfigurationPlatforms) = preSolution
		Debug|Any CPU = Debug|Any CPU
		Release|Any CPU = Release|Any CPU
	EndGlobalSection
	GlobalSection(ProjectConfigurationPlatforms) = postSolution
		{3CBAA0AB-5F65-41D0-A856-45EFBDE07A95}.Debug|Any CPU.ActiveCfg = Debug|Any CPU
		{3CBAA0AB-5F65-41D0-A856-45EFBDE07A95}.Debug|Any CPU.Build.0 = Debug|Any CPU
		{3CBAA0AB-5F65-41D0-A856-45EFBDE07A95}.Release|Any CPU.ActiveCfg = Release|Any CPU
		{3CBAA0AB-5F65-41D0-A856-45EFBDE07A95}.Release|Any CPU.Build.0 = Release|Any CPU
	EndGlobalSection
	GlobalSection(SolutionProperties) = preSolution
		HideSolutionNode = FALSE
	EndGlobalSection
	GlobalSection(ExtensibilityGlobals) = postSolution
		SolutionGuid = {DE01617E-15BF-47AA-BCD2-CB35D1265A33}
	EndGlobalSection
EndGlobal
